// !$*UTF8*$!
{
	archiveVersion = 1;
	classes = {
	};
	objectVersion = 46;
	objects = {

/* Begin PBXBuildFile section */
		9815E8D01BBFE71F00BFC351 /* zhuanhuanTableViewCell.m in Sources */ = {isa = PBXBuildFile; fileRef = 9815E8CF1BBFE71F00BFC351 /* zhuanhuanTableViewCell.m */; settings = {ASSET_TAGS = (); }; };
		9815E8D21BBFFFA500BFC351 /* mianji.plist in Resources */ = {isa = PBXBuildFile; fileRef = 9815E8D11BBFFFA500BFC351 /* mianji.plist */; settings = {ASSET_TAGS = (); }; };
		9815E8D41BC001AC00BFC351 /* tiji.plist in Resources */ = {isa = PBXBuildFile; fileRef = 9815E8D31BC001AC00BFC351 /* tiji.plist */; settings = {ASSET_TAGS = (); }; };
		9815E8D61BC0049900BFC351 /* zhiliang.plist in Resources */ = {isa = PBXBuildFile; fileRef = 9815E8D51BC0049900BFC351 /* zhiliang.plist */; settings = {ASSET_TAGS = (); }; };
		982055D91BBD3D5600FB1C4D /* danweizhuanhuanButton.m in Sources */ = {isa = PBXBuildFile; fileRef = 982055D81BBD3D5600FB1C4D /* danweizhuanhuanButton.m */; settings = {ASSET_TAGS = (); }; };
		982055DC1BBD417800FB1C4D /* testTableViewController.m in Sources */ = {isa = PBXBuildFile; fileRef = 982055DB1BBD417800FB1C4D /* testTableViewController.m */; settings = {ASSET_TAGS = (); }; };
		982055DE1BBD4E7A00FB1C4D /* midu.plist in Resources */ = {isa = PBXBuildFile; fileRef = 982055DD1BBD4E7A00FB1C4D /* midu.plist */; settings = {ASSET_TAGS = (); }; };
		982055E21BBD6AEB00FB1C4D /* midu.sqlite in Resources */ = {isa = PBXBuildFile; fileRef = 982055E11BBD6AEB00FB1C4D /* midu.sqlite */; settings = {ASSET_TAGS = (); }; };
		982055E51BBD6C1000FB1C4D /* miduModel.m in Sources */ = {isa = PBXBuildFile; fileRef = 982055E41BBD6C1000FB1C4D /* miduModel.m */; settings = {ASSET_TAGS = (); }; };
		982055E71BBD6DC800FB1C4D /* libsqlite3.tbd in Frameworks */ = {isa = PBXBuildFile; fileRef = 982055E61BBD6DC800FB1C4D /* libsqlite3.tbd */; };
		9844D3291BBD1151008E0883 /* mainVIewController.m in Sources */ = {isa = PBXBuildFile; fileRef = 9844D3241BBD1151008E0883 /* mainVIewController.m */; settings = {ASSET_TAGS = (); }; };
		987D3DAA1BBEA6B100F291CA /* lengthTableViewController.m in Sources */ = {isa = PBXBuildFile; fileRef = 987D3DA91BBEA6B100F291CA /* lengthTableViewController.m */; settings = {ASSET_TAGS = (); }; };
		987D3DAC1BBEAD5500F291CA /* length.plist in Resources */ = {isa = PBXBuildFile; fileRef = 987D3DAB1BBEAD5500F291CA /* length.plist */; settings = {ASSET_TAGS = (); }; };
		987D3DAF1BBEB0BE00F291CA /* zhuanhuanModel.m in Sources */ = {isa = PBXBuildFile; fileRef = 987D3DAE1BBEB0BE00F291CA /* zhuanhuanModel.m */; settings = {ASSET_TAGS = (); }; };
		987D3DC81BBEB0F100F291CA /* MJDictionaryCache.m in Sources */ = {isa = PBXBuildFile; fileRef = 987D3DB21BBEB0F100F291CA /* MJDictionaryCache.m */; settings = {ASSET_TAGS = (); }; };
		987D3DC91BBEB0F100F291CA /* MJExtensionConst.m in Sources */ = {isa = PBXBuildFile; fileRef = 987D3DB51BBEB0F100F291CA /* MJExtensionConst.m */; settings = {ASSET_TAGS = (); }; };
		987D3DCA1BBEB0F100F291CA /* MJFoundation.m in Sources */ = {isa = PBXBuildFile; fileRef = 987D3DB71BBEB0F100F291CA /* MJFoundation.m */; settings = {ASSET_TAGS = (); }; };
		987D3DCB1BBEB0F100F291CA /* MJProperty.m in Sources */ = {isa = PBXBuildFile; fileRef = 987D3DB91BBEB0F100F291CA /* MJProperty.m */; settings = {ASSET_TAGS = (); }; };
		987D3DCC1BBEB0F100F291CA /* MJPropertyKey.m in Sources */ = {isa = PBXBuildFile; fileRef = 987D3DBB1BBEB0F100F291CA /* MJPropertyKey.m */; settings = {ASSET_TAGS = (); }; };
		987D3DCD1BBEB0F100F291CA /* MJPropertyType.m in Sources */ = {isa = PBXBuildFile; fileRef = 987D3DBD1BBEB0F100F291CA /* MJPropertyType.m */; settings = {ASSET_TAGS = (); }; };
		987D3DCE1BBEB0F100F291CA /* NSObject+MJClass.m in Sources */ = {isa = PBXBuildFile; fileRef = 987D3DBF1BBEB0F100F291CA /* NSObject+MJClass.m */; settings = {ASSET_TAGS = (); }; };
		987D3DCF1BBEB0F100F291CA /* NSObject+MJCoding.m in Sources */ = {isa = PBXBuildFile; fileRef = 987D3DC11BBEB0F100F291CA /* NSObject+MJCoding.m */; settings = {ASSET_TAGS = (); }; };
		987D3DD01BBEB0F100F291CA /* NSObject+MJKeyValue.m in Sources */ = {isa = PBXBuildFile; fileRef = 987D3DC31BBEB0F100F291CA /* NSObject+MJKeyValue.m */; settings = {ASSET_TAGS = (); }; };
		987D3DD11BBEB0F100F291CA /* NSObject+MJProperty.m in Sources */ = {isa = PBXBuildFile; fileRef = 987D3DC51BBEB0F100F291CA /* NSObject+MJProperty.m */; settings = {ASSET_TAGS = (); }; };
		987D3DD21BBEB0F100F291CA /* NSString+MJExtension.m in Sources */ = {isa = PBXBuildFile; fileRef = 987D3DC71BBEB0F100F291CA /* NSString+MJExtension.m */; settings = {ASSET_TAGS = (); }; };
		987D3DD61BBEC95900F291CA /* TKeyBoardView.m in Sources */ = {isa = PBXBuildFile; fileRef = 987D3DD41BBEC95900F291CA /* TKeyBoardView.m */; settings = {ASSET_TAGS = (); }; };
		987D3DD71BBEC95900F291CA /* TKeyBoardView.xib in Resources */ = {isa = PBXBuildFile; fileRef = 987D3DD51BBEC95900F291CA /* TKeyBoardView.xib */; settings = {ASSET_TAGS = (); }; };
		98C72F451BBC26B400C829B4 /* main.m in Sources */ = {isa = PBXBuildFile; fileRef = 98C72F441BBC26B400C829B4 /* main.m */; };
		98C72F531BBC26B400C829B4 /* LaunchScreen.storyboard in Resources */ = {isa = PBXBuildFile; fileRef = 98C72F511BBC26B400C829B4 /* LaunchScreen.storyboard */; };
		98C72F5E1BBC26B400C829B4 /* ____Tests.m in Sources */ = {isa = PBXBuildFile; fileRef = 98C72F5D1BBC26B400C829B4 /* ____Tests.m */; };
		98C72F691BBC26B400C829B4 /* ____UITests.m in Sources */ = {isa = PBXBuildFile; fileRef = 98C72F681BBC26B400C829B4 /* ____UITests.m */; };
		98C72F801BBC27B600C829B4 /* AppDelegate.m in Sources */ = {isa = PBXBuildFile; fileRef = 98C72F7E1BBC27B600C829B4 /* AppDelegate.m */; settings = {ASSET_TAGS = (); }; };
		98C72F811BBC27B600C829B4 /* Assets.xcassets in Resources */ = {isa = PBXBuildFile; fileRef = 98C72F7F1BBC27B600C829B4 /* Assets.xcassets */; settings = {ASSET_TAGS = (); }; };
		98C72F841BBC27F600C829B4 /* mainTabBarController.m in Sources */ = {isa = PBXBuildFile; fileRef = 98C72F831BBC27F600C829B4 /* mainTabBarController.m */; settings = {ASSET_TAGS = (); }; };
		98C72F891BBC281800C829B4 /* gangbanNaviController.m in Sources */ = {isa = PBXBuildFile; fileRef = 98C72F861BBC281800C829B4 /* gangbanNaviController.m */; settings = {ASSET_TAGS = (); }; };
		98C72F8A1BBC281800C829B4 /* gangbanTableViewController.m in Sources */ = {isa = PBXBuildFile; fileRef = 98C72F881BBC281800C829B4 /* gangbanTableViewController.m */; settings = {ASSET_TAGS = (); }; };
		98C72F8F1BBC282500C829B4 /* gangguanNaviController.m in Sources */ = {isa = PBXBuildFile; fileRef = 98C72F8C1BBC282500C829B4 /* gangguanNaviController.m */; settings = {ASSET_TAGS = (); }; };
		98C72F901BBC282500C829B4 /* gangguanTableViewController.m in Sources */ = {isa = PBXBuildFile; fileRef = 98C72F8E1BBC282500C829B4 /* gangguanTableViewController.m */; settings = {ASSET_TAGS = (); }; };
		98C72F951BBC283000C829B4 /* loveNaviController.m in Sources */ = {isa = PBXBuildFile; fileRef = 98C72F921BBC283000C829B4 /* loveNaviController.m */; settings = {ASSET_TAGS = (); }; };
		98C72F961BBC283000C829B4 /* loveTableViewController.m in Sources */ = {isa = PBXBuildFile; fileRef = 98C72F941BBC283000C829B4 /* loveTableViewController.m */; settings = {ASSET_TAGS = (); }; };
		98C72F9B1BBC284700C829B4 /* xinggangNaviController.m in Sources */ = {isa = PBXBuildFile; fileRef = 98C72F981BBC284700C829B4 /* xinggangNaviController.m */; settings = {ASSET_TAGS = (); }; };
		98C72F9C1BBC284700C829B4 /* xinggangTableViewController.m in Sources */ = {isa = PBXBuildFile; fileRef = 98C72F9A1BBC284700C829B4 /* xinggangTableViewController.m */; settings = {ASSET_TAGS = (); }; };
		98C72FA11BBC285C00C829B4 /* navigationItemButton.m in Sources */ = {isa = PBXBuildFile; fileRef = 98C72F9E1BBC285C00C829B4 /* navigationItemButton.m */; settings = {ASSET_TAGS = (); }; };
/* End PBXBuildFile section */

/* Begin PBXContainerItemProxy section */
		98C72F5A1BBC26B400C829B4 /* PBXContainerItemProxy */ = {
			isa = PBXContainerItemProxy;
			containerPortal = 98C72F381BBC26B400C829B4 /* Project object */;
			proxyType = 1;
			remoteGlobalIDString = 98C72F3F1BBC26B400C829B4;
			remoteInfo = "五金书册";
		};
		98C72F651BBC26B400C829B4 /* PBXContainerItemProxy */ = {
			isa = PBXContainerItemProxy;
			containerPortal = 98C72F381BBC26B400C829B4 /* Project object */;
			proxyType = 1;
			remoteGlobalIDString = 98C72F3F1BBC26B400C829B4;
			remoteInfo = "五金书册";
		};
/* End PBXContainerItemProxy section */

/* Begin PBXFileReference section */
		9815E8CE1BBFE71F00BFC351 /* zhuanhuanTableViewCell.h */ = {isa = PBXFileReference; fileEncoding = 4; lastKnownFileType = sourcecode.c.h; path = zhuanhuanTableViewCell.h; sourceTree = "<group>"; };
		9815E8CF1BBFE71F00BFC351 /* zhuanhuanTableViewCell.m */ = {isa = PBXFileReference; fileEncoding = 4; lastKnownFileType = sourcecode.c.objc; path = zhuanhuanTableViewCell.m; sourceTree = "<group>"; };
		9815E8D11BBFFFA500BFC351 /* mianji.plist */ = {isa = PBXFileReference; fileEncoding = 4; lastKnownFileType = text.plist.xml; path = mianji.plist; sourceTree = "<group>"; };
		9815E8D31BC001AC00BFC351 /* tiji.plist */ = {isa = PBXFileReference; fileEncoding = 4; lastKnownFileType = text.plist.xml; path = tiji.plist; sourceTree = "<group>"; };
		9815E8D51BC0049900BFC351 /* zhiliang.plist */ = {isa = PBXFileReference; fileEncoding = 4; lastKnownFileType = text.plist.xml; path = zhiliang.plist; sourceTree = "<group>"; };
		982055D71BBD3D5600FB1C4D /* danweizhuanhuanButton.h */ = {isa = PBXFileReference; fileEncoding = 4; lastKnownFileType = sourcecode.c.h; path = danweizhuanhuanButton.h; sourceTree = "<group>"; };
		982055D81BBD3D5600FB1C4D /* danweizhuanhuanButton.m */ = {isa = PBXFileReference; fileEncoding = 4; lastKnownFileType = sourcecode.c.objc; path = danweizhuanhuanButton.m; sourceTree = "<group>"; };
		982055DA1BBD417800FB1C4D /* testTableViewController.h */ = {isa = PBXFileReference; fileEncoding = 4; lastKnownFileType = sourcecode.c.h; path = testTableViewController.h; sourceTree = "<group>"; };
		982055DB1BBD417800FB1C4D /* testTableViewController.m */ = {isa = PBXFileReference; fileEncoding = 4; lastKnownFileType = sourcecode.c.objc; path = testTableViewController.m; sourceTree = "<group>"; };
		982055DD1BBD4E7A00FB1C4D /* midu.plist */ = {isa = PBXFileReference; fileEncoding = 4; lastKnownFileType = text.plist.xml; path = midu.plist; sourceTree = "<group>"; };
		982055E11BBD6AEB00FB1C4D /* midu.sqlite */ = {isa = PBXFileReference; lastKnownFileType = file; path = midu.sqlite; sourceTree = "<group>"; };
		982055E31BBD6C1000FB1C4D /* miduModel.h */ = {isa = PBXFileReference; fileEncoding = 4; lastKnownFileType = sourcecode.c.h; path = miduModel.h; sourceTree = "<group>"; };
		982055E41BBD6C1000FB1C4D /* miduModel.m */ = {isa = PBXFileReference; fileEncoding = 4; lastKnownFileType = sourcecode.c.objc; path = miduModel.m; sourceTree = "<group>"; };
		982055E61BBD6DC800FB1C4D /* libsqlite3.tbd */ = {isa = PBXFileReference; lastKnownFileType = "sourcecode.text-based-dylib-definition"; name = libsqlite3.tbd; path = usr/lib/libsqlite3.tbd; sourceTree = SDKROOT; };
		9844D3231BBD1151008E0883 /* mainVIewController.h */ = {isa = PBXFileReference; fileEncoding = 4; lastKnownFileType = sourcecode.c.h; path = mainVIewController.h; sourceTree = "<group>"; };
		9844D3241BBD1151008E0883 /* mainVIewController.m */ = {isa = PBXFileReference; fileEncoding = 4; lastKnownFileType = sourcecode.c.objc; path = mainVIewController.m; sourceTree = "<group>"; };
		987D3DA81BBEA6B100F291CA /* lengthTableViewController.h */ = {isa = PBXFileReference; fileEncoding = 4; lastKnownFileType = sourcecode.c.h; path = lengthTableViewController.h; sourceTree = "<group>"; };
		987D3DA91BBEA6B100F291CA /* lengthTableViewController.m */ = {isa = PBXFileReference; fileEncoding = 4; lastKnownFileType = sourcecode.c.objc; path = lengthTableViewController.m; sourceTree = "<group>"; };
		987D3DAB1BBEAD5500F291CA /* length.plist */ = {isa = PBXFileReference; fileEncoding = 4; lastKnownFileType = text.plist.xml; path = length.plist; sourceTree = "<group>"; };
		987D3DAD1BBEB0BE00F291CA /* zhuanhuanModel.h */ = {isa = PBXFileReference; fileEncoding = 4; lastKnownFileType = sourcecode.c.h; path = zhuanhuanModel.h; sourceTree = "<group>"; };
		987D3DAE1BBEB0BE00F291CA /* zhuanhuanModel.m */ = {isa = PBXFileReference; fileEncoding = 4; lastKnownFileType = sourcecode.c.objc; path = zhuanhuanModel.m; sourceTree = "<group>"; };
		987D3DB11BBEB0F100F291CA /* MJDictionaryCache.h */ = {isa = PBXFileReference; fileEncoding = 4; lastKnownFileType = sourcecode.c.h; path = MJDictionaryCache.h; sourceTree = "<group>"; };
		987D3DB21BBEB0F100F291CA /* MJDictionaryCache.m */ = {isa = PBXFileReference; fileEncoding = 4; lastKnownFileType = sourcecode.c.objc; path = MJDictionaryCache.m; sourceTree = "<group>"; };
		987D3DB31BBEB0F100F291CA /* MJExtension.h */ = {isa = PBXFileReference; fileEncoding = 4; lastKnownFileType = sourcecode.c.h; path = MJExtension.h; sourceTree = "<group>"; };
		987D3DB41BBEB0F100F291CA /* MJExtensionConst.h */ = {isa = PBXFileReference; fileEncoding = 4; lastKnownFileType = sourcecode.c.h; path = MJExtensionConst.h; sourceTree = "<group>"; };
		987D3DB51BBEB0F100F291CA /* MJExtensionConst.m */ = {isa = PBXFileReference; fileEncoding = 4; lastKnownFileType = sourcecode.c.objc; path = MJExtensionConst.m; sourceTree = "<group>"; };
		987D3DB61BBEB0F100F291CA /* MJFoundation.h */ = {isa = PBXFileReference; fileEncoding = 4; lastKnownFileType = sourcecode.c.h; path = MJFoundation.h; sourceTree = "<group>"; };
		987D3DB71BBEB0F100F291CA /* MJFoundation.m */ = {isa = PBXFileReference; fileEncoding = 4; lastKnownFileType = sourcecode.c.objc; path = MJFoundation.m; sourceTree = "<group>"; };
		987D3DB81BBEB0F100F291CA /* MJProperty.h */ = {isa = PBXFileReference; fileEncoding = 4; lastKnownFileType = sourcecode.c.h; path = MJProperty.h; sourceTree = "<group>"; };
		987D3DB91BBEB0F100F291CA /* MJProperty.m */ = {isa = PBXFileReference; fileEncoding = 4; lastKnownFileType = sourcecode.c.objc; path = MJProperty.m; sourceTree = "<group>"; };
		987D3DBA1BBEB0F100F291CA /* MJPropertyKey.h */ = {isa = PBXFileReference; fileEncoding = 4; lastKnownFileType = sourcecode.c.h; path = MJPropertyKey.h; sourceTree = "<group>"; };
		987D3DBB1BBEB0F100F291CA /* MJPropertyKey.m */ = {isa = PBXFileReference; fileEncoding = 4; lastKnownFileType = sourcecode.c.objc; path = MJPropertyKey.m; sourceTree = "<group>"; };
		987D3DBC1BBEB0F100F291CA /* MJPropertyType.h */ = {isa = PBXFileReference; fileEncoding = 4; lastKnownFileType = sourcecode.c.h; path = MJPropertyType.h; sourceTree = "<group>"; };
		987D3DBD1BBEB0F100F291CA /* MJPropertyType.m */ = {isa = PBXFileReference; fileEncoding = 4; lastKnownFileType = sourcecode.c.objc; path = MJPropertyType.m; sourceTree = "<group>"; };
		987D3DBE1BBEB0F100F291CA /* NSObject+MJClass.h */ = {isa = PBXFileReference; fileEncoding = 4; lastKnownFileType = sourcecode.c.h; path = "NSObject+MJClass.h"; sourceTree = "<group>"; };
		987D3DBF1BBEB0F100F291CA /* NSObject+MJClass.m */ = {isa = PBXFileReference; fileEncoding = 4; lastKnownFileType = sourcecode.c.objc; path = "NSObject+MJClass.m"; sourceTree = "<group>"; };
		987D3DC01BBEB0F100F291CA /* NSObject+MJCoding.h */ = {isa = PBXFileReference; fileEncoding = 4; lastKnownFileType = sourcecode.c.h; path = "NSObject+MJCoding.h"; sourceTree = "<group>"; };
		987D3DC11BBEB0F100F291CA /* NSObject+MJCoding.m */ = {isa = PBXFileReference; fileEncoding = 4; lastKnownFileType = sourcecode.c.objc; path = "NSObject+MJCoding.m"; sourceTree = "<group>"; };
		987D3DC21BBEB0F100F291CA /* NSObject+MJKeyValue.h */ = {isa = PBXFileReference; fileEncoding = 4; lastKnownFileType = sourcecode.c.h; path = "NSObject+MJKeyValue.h"; sourceTree = "<group>"; };
		987D3DC31BBEB0F100F291CA /* NSObject+MJKeyValue.m */ = {isa = PBXFileReference; fileEncoding = 4; lastKnownFileType = sourcecode.c.objc; path = "NSObject+MJKeyValue.m"; sourceTree = "<group>"; };
		987D3DC41BBEB0F100F291CA /* NSObject+MJProperty.h */ = {isa = PBXFileReference; fileEncoding = 4; lastKnownFileType = sourcecode.c.h; path = "NSObject+MJProperty.h"; sourceTree = "<group>"; };
		987D3DC51BBEB0F100F291CA /* NSObject+MJProperty.m */ = {isa = PBXFileReference; fileEncoding = 4; lastKnownFileType = sourcecode.c.objc; path = "NSObject+MJProperty.m"; sourceTree = "<group>"; };
		987D3DC61BBEB0F100F291CA /* NSString+MJExtension.h */ = {isa = PBXFileReference; fileEncoding = 4; lastKnownFileType = sourcecode.c.h; path = "NSString+MJExtension.h"; sourceTree = "<group>"; };
		987D3DC71BBEB0F100F291CA /* NSString+MJExtension.m */ = {isa = PBXFileReference; fileEncoding = 4; lastKnownFileType = sourcecode.c.objc; path = "NSString+MJExtension.m"; sourceTree = "<group>"; };
		987D3DD31BBEC95900F291CA /* TKeyBoardView.h */ = {isa = PBXFileReference; fileEncoding = 4; lastKnownFileType = sourcecode.c.h; path = TKeyBoardView.h; sourceTree = "<group>"; };
		987D3DD41BBEC95900F291CA /* TKeyBoardView.m */ = {isa = PBXFileReference; fileEncoding = 4; lastKnownFileType = sourcecode.c.objc; path = TKeyBoardView.m; sourceTree = "<group>"; };
		987D3DD51BBEC95900F291CA /* TKeyBoardView.xib */ = {isa = PBXFileReference; fileEncoding = 4; lastKnownFileType = file.xib; path = TKeyBoardView.xib; sourceTree = "<group>"; };
		98C72F401BBC26B400C829B4 /* 五金书册.app */ = {isa = PBXFileReference; explicitFileType = wrapper.application; includeInIndex = 0; path = "五金书册.app"; sourceTree = BUILT_PRODUCTS_DIR; };
		98C72F441BBC26B400C829B4 /* main.m */ = {isa = PBXFileReference; lastKnownFileType = sourcecode.c.objc; path = main.m; sourceTree = "<group>"; };
		98C72F521BBC26B400C829B4 /* Base */ = {isa = PBXFileReference; lastKnownFileType = file.storyboard; name = Base; path = Base.lproj/LaunchScreen.storyboard; sourceTree = "<group>"; };
		98C72F541BBC26B400C829B4 /* Info.plist */ = {isa = PBXFileReference; lastKnownFileType = text.plist.xml; path = Info.plist; sourceTree = "<group>"; };
		98C72F591BBC26B400C829B4 /* 五金书册Tests.xctest */ = {isa = PBXFileReference; explicitFileType = wrapper.cfbundle; includeInIndex = 0; path = "五金书册Tests.xctest"; sourceTree = BUILT_PRODUCTS_DIR; };
		98C72F5D1BBC26B400C829B4 /* ____Tests.m */ = {isa = PBXFileReference; lastKnownFileType = sourcecode.c.objc; path = "____Tests.m"; sourceTree = "<group>"; };
		98C72F5F1BBC26B400C829B4 /* Info.plist */ = {isa = PBXFileReference; lastKnownFileType = text.plist.xml; path = Info.plist; sourceTree = "<group>"; };
		98C72F641BBC26B400C829B4 /* 五金书册UITests.xctest */ = {isa = PBXFileReference; explicitFileType = wrapper.cfbundle; includeInIndex = 0; path = "五金书册UITests.xctest"; sourceTree = BUILT_PRODUCTS_DIR; };
		98C72F681BBC26B400C829B4 /* ____UITests.m */ = {isa = PBXFileReference; lastKnownFileType = sourcecode.c.objc; path = "____UITests.m"; sourceTree = "<group>"; };
		98C72F6A1BBC26B400C829B4 /* Info.plist */ = {isa = PBXFileReference; lastKnownFileType = text.plist.xml; path = Info.plist; sourceTree = "<group>"; };
		98C72F7D1BBC27B600C829B4 /* AppDelegate.h */ = {isa = PBXFileReference; fileEncoding = 4; lastKnownFileType = sourcecode.c.h; path = AppDelegate.h; sourceTree = "<group>"; };
		98C72F7E1BBC27B600C829B4 /* AppDelegate.m */ = {isa = PBXFileReference; fileEncoding = 4; lastKnownFileType = sourcecode.c.objc; path = AppDelegate.m; sourceTree = "<group>"; };
		98C72F7F1BBC27B600C829B4 /* Assets.xcassets */ = {isa = PBXFileReference; lastKnownFileType = folder.assetcatalog; path = Assets.xcassets; sourceTree = "<group>"; };
		98C72F821BBC27F600C829B4 /* mainTabBarController.h */ = {isa = PBXFileReference; fileEncoding = 4; lastKnownFileType = sourcecode.c.h; path = mainTabBarController.h; sourceTree = "<group>"; };
		98C72F831BBC27F600C829B4 /* mainTabBarController.m */ = {isa = PBXFileReference; fileEncoding = 4; lastKnownFileType = sourcecode.c.objc; path = mainTabBarController.m; sourceTree = "<group>"; };
		98C72F851BBC281800C829B4 /* gangbanNaviController.h */ = {isa = PBXFileReference; fileEncoding = 4; lastKnownFileType = sourcecode.c.h; path = gangbanNaviController.h; sourceTree = "<group>"; };
		98C72F861BBC281800C829B4 /* gangbanNaviController.m */ = {isa = PBXFileReference; fileEncoding = 4; lastKnownFileType = sourcecode.c.objc; path = gangbanNaviController.m; sourceTree = "<group>"; };
		98C72F871BBC281800C829B4 /* gangbanTableViewController.h */ = {isa = PBXFileReference; fileEncoding = 4; lastKnownFileType = sourcecode.c.h; path = gangbanTableViewController.h; sourceTree = "<group>"; };
		98C72F881BBC281800C829B4 /* gangbanTableViewController.m */ = {isa = PBXFileReference; fileEncoding = 4; lastKnownFileType = sourcecode.c.objc; path = gangbanTableViewController.m; sourceTree = "<group>"; };
		98C72F8B1BBC282500C829B4 /* gangguanNaviController.h */ = {isa = PBXFileReference; fileEncoding = 4; lastKnownFileType = sourcecode.c.h; path = gangguanNaviController.h; sourceTree = "<group>"; };
		98C72F8C1BBC282500C829B4 /* gangguanNaviController.m */ = {isa = PBXFileReference; fileEncoding = 4; lastKnownFileType = sourcecode.c.objc; path = gangguanNaviController.m; sourceTree = "<group>"; };
		98C72F8D1BBC282500C829B4 /* gangguanTableViewController.h */ = {isa = PBXFileReference; fileEncoding = 4; lastKnownFileType = sourcecode.c.h; path = gangguanTableViewController.h; sourceTree = "<group>"; };
		98C72F8E1BBC282500C829B4 /* gangguanTableViewController.m */ = {isa = PBXFileReference; fileEncoding = 4; lastKnownFileType = sourcecode.c.objc; path = gangguanTableViewController.m; sourceTree = "<group>"; };
		98C72F911BBC283000C829B4 /* loveNaviController.h */ = {isa = PBXFileReference; fileEncoding = 4; lastKnownFileType = sourcecode.c.h; path = loveNaviController.h; sourceTree = "<group>"; };
		98C72F921BBC283000C829B4 /* loveNaviController.m */ = {isa = PBXFileReference; fileEncoding = 4; lastKnownFileType = sourcecode.c.objc; path = loveNaviController.m; sourceTree = "<group>"; };
		98C72F931BBC283000C829B4 /* loveTableViewController.h */ = {isa = PBXFileReference; fileEncoding = 4; lastKnownFileType = sourcecode.c.h; path = loveTableViewController.h; sourceTree = "<group>"; };
		98C72F941BBC283000C829B4 /* loveTableViewController.m */ = {isa = PBXFileReference; fileEncoding = 4; lastKnownFileType = sourcecode.c.objc; path = loveTableViewController.m; sourceTree = "<group>"; };
		98C72F971BBC284700C829B4 /* xinggangNaviController.h */ = {isa = PBXFileReference; fileEncoding = 4; lastKnownFileType = sourcecode.c.h; path = xinggangNaviController.h; sourceTree = "<group>"; };
		98C72F981BBC284700C829B4 /* xinggangNaviController.m */ = {isa = PBXFileReference; fileEncoding = 4; lastKnownFileType = sourcecode.c.objc; path = xinggangNaviController.m; sourceTree = "<group>"; };
		98C72F991BBC284700C829B4 /* xinggangTableViewController.h */ = {isa = PBXFileReference; fileEncoding = 4; lastKnownFileType = sourcecode.c.h; path = xinggangTableViewController.h; sourceTree = "<group>"; };
		98C72F9A1BBC284700C829B4 /* xinggangTableViewController.m */ = {isa = PBXFileReference; fileEncoding = 4; lastKnownFileType = sourcecode.c.objc; path = xinggangTableViewController.m; sourceTree = "<group>"; };
		98C72F9D1BBC285C00C829B4 /* navigationItemButton.h */ = {isa = PBXFileReference; fileEncoding = 4; lastKnownFileType = sourcecode.c.h; path = navigationItemButton.h; sourceTree = "<group>"; };
		98C72F9E1BBC285C00C829B4 /* navigationItemButton.m */ = {isa = PBXFileReference; fileEncoding = 4; lastKnownFileType = sourcecode.c.objc; path = navigationItemButton.m; sourceTree = "<group>"; };
/* End PBXFileReference section */

/* Begin PBXFrameworksBuildPhase section */
		98C72F3D1BBC26B400C829B4 /* Frameworks */ = {
			isa = PBXFrameworksBuildPhase;
			buildActionMask = 2147483647;
			files = (
				982055E71BBD6DC800FB1C4D /* libsqlite3.tbd in Frameworks */,
			);
			runOnlyForDeploymentPostprocessing = 0;
		};
		98C72F561BBC26B400C829B4 /* Frameworks */ = {
			isa = PBXFrameworksBuildPhase;
			buildActionMask = 2147483647;
			files = (
			);
			runOnlyForDeploymentPostprocessing = 0;
		};
		98C72F611BBC26B400C829B4 /* Frameworks */ = {
			isa = PBXFrameworksBuildPhase;
			buildActionMask = 2147483647;
			files = (
			);
			runOnlyForDeploymentPostprocessing = 0;
		};
/* End PBXFrameworksBuildPhase section */

/* Begin PBXGroup section */
		987D3DB01BBEB0F100F291CA /* MJExtension */ = {
			isa = PBXGroup;
			children = (
				987D3DB11BBEB0F100F291CA /* MJDictionaryCache.h */,
				987D3DB21BBEB0F100F291CA /* MJDictionaryCache.m */,
				987D3DB31BBEB0F100F291CA /* MJExtension.h */,
				987D3DB41BBEB0F100F291CA /* MJExtensionConst.h */,
				987D3DB51BBEB0F100F291CA /* MJExtensionConst.m */,
				987D3DB61BBEB0F100F291CA /* MJFoundation.h */,
				987D3DB71BBEB0F100F291CA /* MJFoundation.m */,
				987D3DB81BBEB0F100F291CA /* MJProperty.h */,
				987D3DB91BBEB0F100F291CA /* MJProperty.m */,
				987D3DBA1BBEB0F100F291CA /* MJPropertyKey.h */,
				987D3DBB1BBEB0F100F291CA /* MJPropertyKey.m */,
				987D3DBC1BBEB0F100F291CA /* MJPropertyType.h */,
				987D3DBD1BBEB0F100F291CA /* MJPropertyType.m */,
				987D3DBE1BBEB0F100F291CA /* NSObject+MJClass.h */,
				987D3DBF1BBEB0F100F291CA /* NSObject+MJClass.m */,
				987D3DC01BBEB0F100F291CA /* NSObject+MJCoding.h */,
				987D3DC11BBEB0F100F291CA /* NSObject+MJCoding.m */,
				987D3DC21BBEB0F100F291CA /* NSObject+MJKeyValue.h */,
				987D3DC31BBEB0F100F291CA /* NSObject+MJKeyValue.m */,
				987D3DC41BBEB0F100F291CA /* NSObject+MJProperty.h */,
				987D3DC51BBEB0F100F291CA /* NSObject+MJProperty.m */,
				987D3DC61BBEB0F100F291CA /* NSString+MJExtension.h */,
				987D3DC71BBEB0F100F291CA /* NSString+MJExtension.m */,
			);
			path = MJExtension;
			sourceTree = "<group>";
		};
		98C72F371BBC26B400C829B4 = {
			isa = PBXGroup;
			children = (
				982055E61BBD6DC800FB1C4D /* libsqlite3.tbd */,
				98C72F421BBC26B400C829B4 /* 五金书册 */,
				98C72F5C1BBC26B400C829B4 /* 五金书册Tests */,
				98C72F671BBC26B400C829B4 /* 五金书册UITests */,
				98C72F411BBC26B400C829B4 /* Products */,
			);
			sourceTree = "<group>";
		};
		98C72F411BBC26B400C829B4 /* Products */ = {
			isa = PBXGroup;
			children = (
				98C72F401BBC26B400C829B4 /* 五金书册.app */,
				98C72F591BBC26B400C829B4 /* 五金书册Tests.xctest */,
				98C72F641BBC26B400C829B4 /* 五金书册UITests.xctest */,
			);
			name = Products;
			sourceTree = "<group>";
		};
		98C72F421BBC26B400C829B4 /* 五金书册 */ = {
			isa = PBXGroup;
			children = (
				98C72F7C1BBC278300C829B4 /* lib */,
				98C72F7B1BBC276400C829B4 /* main */,
				98C72F7A1BBC275D00C829B4 /* 通用 */,
				98C72F791BBC274E00C829B4 /* 型钢 */,
				98C72F781BBC274800C829B4 /* 钢板 */,
				98C72F771BBC274000C829B4 /* 钢管 */,
				98C72F761BBC273700C829B4 /* 收藏 */,
				98C72F511BBC26B400C829B4 /* LaunchScreen.storyboard */,
				98C72F7F1BBC27B600C829B4 /* Assets.xcassets */,
				98C72F541BBC26B400C829B4 /* Info.plist */,
				98C72F431BBC26B400C829B4 /* Supporting Files */,
				982055DA1BBD417800FB1C4D /* testTableViewController.h */,
				982055DB1BBD417800FB1C4D /* testTableViewController.m */,
			);
			path = "五金书册";
			sourceTree = "<group>";
		};
		98C72F431BBC26B400C829B4 /* Supporting Files */ = {
			isa = PBXGroup;
			children = (
				982055E11BBD6AEB00FB1C4D /* midu.sqlite */,
				982055DD1BBD4E7A00FB1C4D /* midu.plist */,
				987D3DAB1BBEAD5500F291CA /* length.plist */,
				9815E8D11BBFFFA500BFC351 /* mianji.plist */,
				9815E8D31BC001AC00BFC351 /* tiji.plist */,
				9815E8D51BC0049900BFC351 /* zhiliang.plist */,
				98C72F441BBC26B400C829B4 /* main.m */,
			);
			name = "Supporting Files";
			sourceTree = "<group>";
		};
		98C72F5C1BBC26B400C829B4 /* 五金书册Tests */ = {
			isa = PBXGroup;
			children = (
				98C72F5D1BBC26B400C829B4 /* ____Tests.m */,
				98C72F5F1BBC26B400C829B4 /* Info.plist */,
			);
			path = "五金书册Tests";
			sourceTree = "<group>";
		};
		98C72F671BBC26B400C829B4 /* 五金书册UITests */ = {
			isa = PBXGroup;
			children = (
				98C72F681BBC26B400C829B4 /* ____UITests.m */,
				98C72F6A1BBC26B400C829B4 /* Info.plist */,
			);
			path = "五金书册UITests";
			sourceTree = "<group>";
		};
		98C72F761BBC273700C829B4 /* 收藏 */ = {
			isa = PBXGroup;
			children = (
				98C72F911BBC283000C829B4 /* loveNaviController.h */,
				98C72F921BBC283000C829B4 /* loveNaviController.m */,
				98C72F931BBC283000C829B4 /* loveTableViewController.h */,
				98C72F941BBC283000C829B4 /* loveTableViewController.m */,
			);
			name = "收藏";
			sourceTree = "<group>";
		};
		98C72F771BBC274000C829B4 /* 钢管 */ = {
			isa = PBXGroup;
			children = (
				98C72F8B1BBC282500C829B4 /* gangguanNaviController.h */,
				98C72F8C1BBC282500C829B4 /* gangguanNaviController.m */,
				98C72F8D1BBC282500C829B4 /* gangguanTableViewController.h */,
				98C72F8E1BBC282500C829B4 /* gangguanTableViewController.m */,
			);
			name = "钢管";
			sourceTree = "<group>";
		};
		98C72F781BBC274800C829B4 /* 钢板 */ = {
			isa = PBXGroup;
			children = (
				98C72F851BBC281800C829B4 /* gangbanNaviController.h */,
				98C72F861BBC281800C829B4 /* gangbanNaviController.m */,
				98C72F871BBC281800C829B4 /* gangbanTableViewController.h */,
				98C72F881BBC281800C829B4 /* gangbanTableViewController.m */,
			);
			name = "钢板";
			sourceTree = "<group>";
		};
		98C72F791BBC274E00C829B4 /* 型钢 */ = {
			isa = PBXGroup;
			children = (
				98C72F971BBC284700C829B4 /* xinggangNaviController.h */,
				98C72F981BBC284700C829B4 /* xinggangNaviController.m */,
				98C72F991BBC284700C829B4 /* xinggangTableViewController.h */,
				98C72F9A1BBC284700C829B4 /* xinggangTableViewController.m */,
			);
			name = "型钢";
			sourceTree = "<group>";
		};
		98C72F7A1BBC275D00C829B4 /* 通用 */ = {
			isa = PBXGroup;
			children = (
				98C72FA41BBC294000C829B4 /* other */,
				98C72FA31BBC293000C829B4 /* toolVIew */,
			);
			name = "通用";
			sourceTree = "<group>";
		};
		98C72F7B1BBC276400C829B4 /* main */ = {
			isa = PBXGroup;
			children = (
				98C72F7D1BBC27B600C829B4 /* AppDelegate.h */,
				98C72F7E1BBC27B600C829B4 /* AppDelegate.m */,
				98C72F821BBC27F600C829B4 /* mainTabBarController.h */,
				98C72F831BBC27F600C829B4 /* mainTabBarController.m */,
			);
			name = main;
			sourceTree = "<group>";
		};
		98C72F7C1BBC278300C829B4 /* lib */ = {
			isa = PBXGroup;
			children = (
				987D3DB01BBEB0F100F291CA /* MJExtension */,
			);
			name = lib;
			sourceTree = "<group>";
		};
		98C72FA31BBC293000C829B4 /* toolVIew */ = {
			isa = PBXGroup;
			children = (
				9844D3231BBD1151008E0883 /* mainVIewController.h */,
				9844D3241BBD1151008E0883 /* mainVIewController.m */,
				982055D71BBD3D5600FB1C4D /* danweizhuanhuanButton.h */,
				982055D81BBD3D5600FB1C4D /* danweizhuanhuanButton.m */,
				982055E31BBD6C1000FB1C4D /* miduModel.h */,
				982055E41BBD6C1000FB1C4D /* miduModel.m */,
				987D3DA81BBEA6B100F291CA /* lengthTableViewController.h */,
				987D3DA91BBEA6B100F291CA /* lengthTableViewController.m */,
				987D3DAD1BBEB0BE00F291CA /* zhuanhuanModel.h */,
				987D3DAE1BBEB0BE00F291CA /* zhuanhuanModel.m */,
				987D3DD31BBEC95900F291CA /* TKeyBoardView.h */,
				987D3DD41BBEC95900F291CA /* TKeyBoardView.m */,
				987D3DD51BBEC95900F291CA /* TKeyBoardView.xib */,
				9815E8CE1BBFE71F00BFC351 /* zhuanhuanTableViewCell.h */,
				9815E8CF1BBFE71F00BFC351 /* zhuanhuanTableViewCell.m */,
			);
			name = toolVIew;
			sourceTree = "<group>";
		};
		98C72FA41BBC294000C829B4 /* other */ = {
			isa = PBXGroup;
			children = (
				98C72F9D1BBC285C00C829B4 /* navigationItemButton.h */,
				98C72F9E1BBC285C00C829B4 /* navigationItemButton.m */,
			);
			name = other;
			sourceTree = "<group>";
		};
/* End PBXGroup section */

/* Begin PBXNativeTarget section */
		98C72F3F1BBC26B400C829B4 /* 五金书册 */ = {
			isa = PBXNativeTarget;
			buildConfigurationList = 98C72F6D1BBC26B400C829B4 /* Build configuration list for PBXNativeTarget "五金书册" */;
			buildPhases = (
				98C72F3C1BBC26B400C829B4 /* Sources */,
				98C72F3D1BBC26B400C829B4 /* Frameworks */,
				98C72F3E1BBC26B400C829B4 /* Resources */,
			);
			buildRules = (
			);
			dependencies = (
			);
			name = "五金书册";
			productName = "五金书册";
			productReference = 98C72F401BBC26B400C829B4 /* 五金书册.app */;
			productType = "com.apple.product-type.application";
		};
		98C72F581BBC26B400C829B4 /* 五金书册Tests */ = {
			isa = PBXNativeTarget;
			buildConfigurationList = 98C72F701BBC26B400C829B4 /* Build configuration list for PBXNativeTarget "五金书册Tests" */;
			buildPhases = (
				98C72F551BBC26B400C829B4 /* Sources */,
				98C72F561BBC26B400C829B4 /* Frameworks */,
				98C72F571BBC26B400C829B4 /* Resources */,
			);
			buildRules = (
			);
			dependencies = (
				98C72F5B1BBC26B400C829B4 /* PBXTargetDependency */,
			);
			name = "五金书册Tests";
			productName = "五金书册Tests";
			productReference = 98C72F591BBC26B400C829B4 /* 五金书册Tests.xctest */;
			productType = "com.apple.product-type.bundle.unit-test";
		};
		98C72F631BBC26B400C829B4 /* 五金书册UITests */ = {
			isa = PBXNativeTarget;
			buildConfigurationList = 98C72F731BBC26B400C829B4 /* Build configuration list for PBXNativeTarget "五金书册UITests" */;
			buildPhases = (
				98C72F601BBC26B400C829B4 /* Sources */,
				98C72F611BBC26B400C829B4 /* Frameworks */,
				98C72F621BBC26B400C829B4 /* Resources */,
			);
			buildRules = (
			);
			dependencies = (
				98C72F661BBC26B400C829B4 /* PBXTargetDependency */,
			);
			name = "五金书册UITests";
			productName = "五金书册UITests";
			productReference = 98C72F641BBC26B400C829B4 /* 五金书册UITests.xctest */;
			productType = "com.apple.product-type.bundle.ui-testing";
		};
/* End PBXNativeTarget section */

/* Begin PBXProject section */
		98C72F381BBC26B400C829B4 /* Project object */ = {
			isa = PBXProject;
			attributes = {
				LastUpgradeCheck = 0700;
				ORGANIZATIONNAME = NovaDev;
				TargetAttributes = {
					98C72F3F1BBC26B400C829B4 = {
						CreatedOnToolsVersion = 7.0;
					};
					98C72F581BBC26B400C829B4 = {
						CreatedOnToolsVersion = 7.0;
						TestTargetID = 98C72F3F1BBC26B400C829B4;
					};
					98C72F631BBC26B400C829B4 = {
						CreatedOnToolsVersion = 7.0;
						TestTargetID = 98C72F3F1BBC26B400C829B4;
					};
				};
			};
			buildConfigurationList = 98C72F3B1BBC26B400C829B4 /* Build configuration list for PBXProject "五金书册" */;
			compatibilityVersion = "Xcode 3.2";
			developmentRegion = English;
			hasScannedForEncodings = 0;
			knownRegions = (
				en,
				Base,
			);
			mainGroup = 98C72F371BBC26B400C829B4;
			productRefGroup = 98C72F411BBC26B400C829B4 /* Products */;
			projectDirPath = "";
			projectRoot = "";
			targets = (
				98C72F3F1BBC26B400C829B4 /* 五金书册 */,
				98C72F581BBC26B400C829B4 /* 五金书册Tests */,
				98C72F631BBC26B400C829B4 /* 五金书册UITests */,
			);
		};
/* End PBXProject section */

/* Begin PBXResourcesBuildPhase section */
		98C72F3E1BBC26B400C829B4 /* Resources */ = {
			isa = PBXResourcesBuildPhase;
			buildActionMask = 2147483647;
			files = (
				982055DE1BBD4E7A00FB1C4D /* midu.plist in Resources */,
				98C72F811BBC27B600C829B4 /* Assets.xcassets in Resources */,
				9815E8D21BBFFFA500BFC351 /* mianji.plist in Resources */,
				982055E21BBD6AEB00FB1C4D /* midu.sqlite in Resources */,
				9815E8D41BC001AC00BFC351 /* tiji.plist in Resources */,
				98C72F531BBC26B400C829B4 /* LaunchScreen.storyboard in Resources */,
				987D3DD71BBEC95900F291CA /* TKeyBoardView.xib in Resources */,
				9815E8D61BC0049900BFC351 /* zhiliang.plist in Resources */,
				987D3DAC1BBEAD5500F291CA /* length.plist in Resources */,
			);
			runOnlyForDeploymentPostprocessing = 0;
		};
		98C72F571BBC26B400C829B4 /* Resources */ = {
			isa = PBXResourcesBuildPhase;
			buildActionMask = 2147483647;
			files = (
			);
			runOnlyForDeploymentPostprocessing = 0;
		};
		98C72F621BBC26B400C829B4 /* Resources */ = {
			isa = PBXResourcesBuildPhase;
			buildActionMask = 2147483647;
			files = (
			);
			runOnlyForDeploymentPostprocessing = 0;
		};
/* End PBXResourcesBuildPhase section */

/* Begin PBXSourcesBuildPhase section */
		98C72F3C1BBC26B400C829B4 /* Sources */ = {
			isa = PBXSourcesBuildPhase;
			buildActionMask = 2147483647;
			files = (
				98C72FA11BBC285C00C829B4 /* navigationItemButton.m in Sources */,
				98C72F901BBC282500C829B4 /* gangguanTableViewController.m in Sources */,
				9844D3291BBD1151008E0883 /* mainVIewController.m in Sources */,
				98C72F841BBC27F600C829B4 /* mainTabBarController.m in Sources */,
				987D3DAF1BBEB0BE00F291CA /* zhuanhuanModel.m in Sources */,
				98C72F801BBC27B600C829B4 /* AppDelegate.m in Sources */,
				98C72F891BBC281800C829B4 /* gangbanNaviController.m in Sources */,
				987D3DCC1BBEB0F100F291CA /* MJPropertyKey.m in Sources */,
				987D3DAA1BBEA6B100F291CA /* lengthTableViewController.m in Sources */,
				987D3DCD1BBEB0F100F291CA /* MJPropertyType.m in Sources */,
				987D3DD61BBEC95900F291CA /* TKeyBoardView.m in Sources */,
				982055E51BBD6C1000FB1C4D /* miduModel.m in Sources */,
				98C72F8F1BBC282500C829B4 /* gangguanNaviController.m in Sources */,
				98C72F451BBC26B400C829B4 /* main.m in Sources */,
				987D3DD01BBEB0F100F291CA /* NSObject+MJKeyValue.m in Sources */,
				98C72F9B1BBC284700C829B4 /* xinggangNaviController.m in Sources */,
				98C72F8A1BBC281800C829B4 /* gangbanTableViewController.m in Sources */,
				987D3DD21BBEB0F100F291CA /* NSString+MJExtension.m in Sources */,
				982055DC1BBD417800FB1C4D /* testTableViewController.m in Sources */,
				98C72F9C1BBC284700C829B4 /* xinggangTableViewController.m in Sources */,
				987D3DCA1BBEB0F100F291CA /* MJFoundation.m in Sources */,
				98C72F961BBC283000C829B4 /* loveTableViewController.m in Sources */,
				987D3DC91BBEB0F100F291CA /* MJExtensionConst.m in Sources */,
				987D3DCF1BBEB0F100F291CA /* NSObject+MJCoding.m in Sources */,
				98C72F951BBC283000C829B4 /* loveNaviController.m in Sources */,
				987D3DD11BBEB0F100F291CA /* NSObject+MJProperty.m in Sources */,
				987D3DC81BBEB0F100F291CA /* MJDictionaryCache.m in Sources */,
				9815E8D01BBFE71F00BFC351 /* zhuanhuanTableViewCell.m in Sources */,
				982055D91BBD3D5600FB1C4D /* danweizhuanhuanButton.m in Sources */,
				987D3DCE1BBEB0F100F291CA /* NSObject+MJClass.m in Sources */,
				987D3DCB1BBEB0F100F291CA /* MJProperty.m in Sources */,
			);
			runOnlyForDeploymentPostprocessing = 0;
		};
		98C72F551BBC26B400C829B4 /* Sources */ = {
			isa = PBXSourcesBuildPhase;
			buildActionMask = 2147483647;
			files = (
				98C72F5E1BBC26B400C829B4 /* ____Tests.m in Sources */,
			);
			runOnlyForDeploymentPostprocessing = 0;
		};
		98C72F601BBC26B400C829B4 /* Sources */ = {
			isa = PBXSourcesBuildPhase;
			buildActionMask = 2147483647;
			files = (
				98C72F691BBC26B400C829B4 /* ____UITests.m in Sources */,
			);
			runOnlyForDeploymentPostprocessing = 0;
		};
/* End PBXSourcesBuildPhase section */

/* Begin PBXTargetDependency section */
		98C72F5B1BBC26B400C829B4 /* PBXTargetDependency */ = {
			isa = PBXTargetDependency;
			target = 98C72F3F1BBC26B400C829B4 /* 五金书册 */;
			targetProxy = 98C72F5A1BBC26B400C829B4 /* PBXContainerItemProxy */;
		};
		98C72F661BBC26B400C829B4 /* PBXTargetDependency */ = {
			isa = PBXTargetDependency;
			target = 98C72F3F1BBC26B400C829B4 /* 五金书册 */;
			targetProxy = 98C72F651BBC26B400C829B4 /* PBXContainerItemProxy */;
		};
/* End PBXTargetDependency section */

/* Begin PBXVariantGroup section */
		98C72F511BBC26B400C829B4 /* LaunchScreen.storyboard */ = {
			isa = PBXVariantGroup;
			children = (
				98C72F521BBC26B400C829B4 /* Base */,
			);
			name = LaunchScreen.storyboard;
			sourceTree = "<group>";
		};
/* End PBXVariantGroup section */

/* Begin XCBuildConfiguration section */
		98C72F6B1BBC26B400C829B4 /* Debug */ = {
			isa = XCBuildConfiguration;
			buildSettings = {
				ALWAYS_SEARCH_USER_PATHS = NO;
				CLANG_CXX_LANGUAGE_STANDARD = "gnu++0x";
				CLANG_CXX_LIBRARY = "libc++";
				CLANG_ENABLE_MODULES = YES;
				CLANG_ENABLE_OBJC_ARC = YES;
				CLANG_WARN_BOOL_CONVERSION = YES;
				CLANG_WARN_CONSTANT_CONVERSION = YES;
				CLANG_WARN_DIRECT_OBJC_ISA_USAGE = YES_ERROR;
				CLANG_WARN_EMPTY_BODY = YES;
				CLANG_WARN_ENUM_CONVERSION = YES;
				CLANG_WARN_INT_CONVERSION = YES;
				CLANG_WARN_OBJC_ROOT_CLASS = YES_ERROR;
				CLANG_WARN_UNREACHABLE_CODE = YES;
				CLANG_WARN__DUPLICATE_METHOD_MATCH = YES;
				"CODE_SIGN_IDENTITY[sdk=iphoneos*]" = "iPhone Developer";
				COPY_PHASE_STRIP = NO;
				DEBUG_INFORMATION_FORMAT = dwarf;
				ENABLE_STRICT_OBJC_MSGSEND = YES;
				ENABLE_TESTABILITY = YES;
				GCC_C_LANGUAGE_STANDARD = gnu99;
				GCC_DYNAMIC_NO_PIC = NO;
				GCC_NO_COMMON_BLOCKS = YES;
				GCC_OPTIMIZATION_LEVEL = 0;
				GCC_PREPROCESSOR_DEFINITIONS = (
					"DEBUG=1",
					"$(inherited)",
				);
				GCC_WARN_64_TO_32_BIT_CONVERSION = YES;
				GCC_WARN_ABOUT_RETURN_TYPE = YES_ERROR;
				GCC_WARN_UNDECLARED_SELECTOR = YES;
				GCC_WARN_UNINITIALIZED_AUTOS = YES_AGGRESSIVE;
				GCC_WARN_UNUSED_FUNCTION = YES;
				GCC_WARN_UNUSED_VARIABLE = YES;
				IPHONEOS_DEPLOYMENT_TARGET = 9.0;
				MTL_ENABLE_DEBUG_INFO = YES;
				ONLY_ACTIVE_ARCH = YES;
				SDKROOT = iphoneos;
			};
			name = Debug;
		};
		98C72F6C1BBC26B400C829B4 /* Release */ = {
			isa = XCBuildConfiguration;
			buildSettings = {
				ALWAYS_SEARCH_USER_PATHS = NO;
				CLANG_CXX_LANGUAGE_STANDARD = "gnu++0x";
				CLANG_CXX_LIBRARY = "libc++";
				CLANG_ENABLE_MODULES = YES;
				CLANG_ENABLE_OBJC_ARC = YES;
				CLANG_WARN_BOOL_CONVERSION = YES;
				CLANG_WARN_CONSTANT_CONVERSION = YES;
				CLANG_WARN_DIRECT_OBJC_ISA_USAGE = YES_ERROR;
				CLANG_WARN_EMPTY_BODY = YES;
				CLANG_WARN_ENUM_CONVERSION = YES;
				CLANG_WARN_INT_CONVERSION = YES;
				CLANG_WARN_OBJC_ROOT_CLASS = YES_ERROR;
				CLANG_WARN_UNREACHABLE_CODE = YES;
				CLANG_WARN__DUPLICATE_METHOD_MATCH = YES;
				"CODE_SIGN_IDENTITY[sdk=iphoneos*]" = "iPhone Developer";
				COPY_PHASE_STRIP = NO;
				DEBUG_INFORMATION_FORMAT = "dwarf-with-dsym";
				ENABLE_NS_ASSERTIONS = NO;
				ENABLE_STRICT_OBJC_MSGSEND = YES;
				GCC_C_LANGUAGE_STANDARD = gnu99;
				GCC_NO_COMMON_BLOCKS = YES;
				GCC_WARN_64_TO_32_BIT_CONVERSION = YES;
				GCC_WARN_ABOUT_RETURN_TYPE = YES_ERROR;
				GCC_WARN_UNDECLARED_SELECTOR = YES;
				GCC_WARN_UNINITIALIZED_AUTOS = YES_AGGRESSIVE;
				GCC_WARN_UNUSED_FUNCTION = YES;
				GCC_WARN_UNUSED_VARIABLE = YES;
				IPHONEOS_DEPLOYMENT_TARGET = 9.0;
				MTL_ENABLE_DEBUG_INFO = NO;
				SDKROOT = iphoneos;
				VALIDATE_PRODUCT = YES;
			};
			name = Release;
		};
		98C72F6E1BBC26B400C829B4 /* Debug */ = {
			isa = XCBuildConfiguration;
			buildSettings = {
				ASSETCATALOG_COMPILER_APPICON_NAME = AppIcon;
				INFOPLIST_FILE = "五金书册/Info.plist";
				IPHONEOS_DEPLOYMENT_TARGET = 7.0;
				LD_RUNPATH_SEARCH_PATHS = "$(inherited) @executable_path/Frameworks";
				PRODUCT_BUNDLE_IDENTIFIER = "cn.novadev.----";
				PRODUCT_NAME = "$(TARGET_NAME)";
			};
			name = Debug;
		};
		98C72F6F1BBC26B400C829B4 /* Release */ = {
			isa = XCBuildConfiguration;
			buildSettings = {
				ASSETCATALOG_COMPILER_APPICON_NAME = AppIcon;
				INFOPLIST_FILE = "五金书册/Info.plist";
				IPHONEOS_DEPLOYMENT_TARGET = 7.0;
				LD_RUNPATH_SEARCH_PATHS = "$(inherited) @executable_path/Frameworks";
				PRODUCT_BUNDLE_IDENTIFIER = "cn.novadev.----";
				PRODUCT_NAME = "$(TARGET_NAME)";
			};
			name = Release;
		};
		98C72F711BBC26B400C829B4 /* Debug */ = {
			isa = XCBuildConfiguration;
			buildSettings = {
				BUNDLE_LOADER = "$(TEST_HOST)";
				INFOPLIST_FILE = "五金书册Tests/Info.plist";
				LD_RUNPATH_SEARCH_PATHS = "$(inherited) @executable_path/Frameworks @loader_path/Frameworks";
				PRODUCT_BUNDLE_IDENTIFIER = "cn.novadev.----Tests";
				PRODUCT_NAME = "$(TARGET_NAME)";
				TEST_HOST = "$(BUILT_PRODUCTS_DIR)/五金书册.app/五金书册";
			};
			name = Debug;
		};
		98C72F721BBC26B400C829B4 /* Release */ = {
			isa = XCBuildConfiguration;
			buildSettings = {
				BUNDLE_LOADER = "$(TEST_HOST)";
				INFOPLIST_FILE = "五金书册Tests/Info.plist";
				LD_RUNPATH_SEARCH_PATHS = "$(inherited) @executable_path/Frameworks @loader_path/Frameworks";
				PRODUCT_BUNDLE_IDENTIFIER = "cn.novadev.----Tests";
				PRODUCT_NAME = "$(TARGET_NAME)";
				TEST_HOST = "$(BUILT_PRODUCTS_DIR)/五金书册.app/五金书册";
			};
			name = Release;
		};
		98C72F741BBC26B400C829B4 /* Debug */ = {
			isa = XCBuildConfiguration;
			buildSettings = {
				INFOPLIST_FILE = "五金书册UITests/Info.plist";
				LD_RUNPATH_SEARCH_PATHS = "$(inherited) @executable_path/Frameworks @loader_path/Frameworks";
				PRODUCT_BUNDLE_IDENTIFIER = "cn.novadev.----UITests";
				PRODUCT_NAME = "$(TARGET_NAME)";
				TEST_TARGET_NAME = "五金书册";
				USES_XCTRUNNER = YES;
			};
			name = Debug;
		};
		98C72F751BBC26B400C829B4 /* Release */ = {
			isa = XCBuildConfiguration;
			buildSettings = {
				INFOPLIST_FILE = "五金书册UITests/Info.plist";
				LD_RUNPATH_SEARCH_PATHS = "$(inherited) @executable_path/Frameworks @loader_path/Frameworks";
				PRODUCT_BUNDLE_IDENTIFIER = "cn.novadev.----UITests";
				PRODUCT_NAME = "$(TARGET_NAME)";
				TEST_TARGET_NAME = "五金书册";
				USES_XCTRUNNER = YES;
			};
			name = Release;
		};
/* End XCBuildConfiguration section */

/* Begin XCConfigurationList section */
		98C72F3B1BBC26B400C829B4 /* Build configuration list for PBXProject "五金书册" */ = {
			isa = XCConfigurationList;
			buildConfigurations = (
				98C72F6B1BBC26B400C829B4 /* Debug */,
				98C72F6C1BBC26B400C829B4 /* Release */,
			);
			defaultConfigurationIsVisible = 0;
			defaultConfigurationName = Release;
		};
		98C72F6D1BBC26B400C829B4 /* Build configuration list for PBXNativeTarget "五金书册" */ = {
			isa = XCConfigurationList;
			buildConfigurations = (
				98C72F6E1BBC26B400C829B4 /* Debug */,
				98C72F6F1BBC26B400C829B4 /* Release */,
			);
			defaultConfigurationIsVisible = 0;
			defaultConfigurationName = Release;
		};
		98C72F701BBC26B400C829B4 /* Build configuration list for PBXNativeTarget "五金书册Tests" */ = {
			isa = XCConfigurationList;
			buildConfigurations = (
				98C72F711BBC26B400C829B4 /* Debug */,
				98C72F721BBC26B400C829B4 /* Release */,
			);
			defaultConfigurationIsVisible = 0;
			defaultConfigurationName = Release;
		};
		98C72F731BBC26B400C829B4 /* Build configuration list for PBXNativeTarget "五金书册UITests" */ = {
			isa = XCConfigurationList;
			buildConfigurations = (
				98C72F741BBC26B400C829B4 /* Debug */,
				98C72F751BBC26B400C829B4 /* Release */,
			);
			defaultConfigurationIsVisible = 0;
			defaultConfigurationName = Release;
		};
/* End XCConfigurationList section */
	};
	rootObject = 98C72F381BBC26B400C829B4 /* Project object */;
}
